
Microsoft Visual Studio Solution File, Format Version 12.00
Project("{FAE04EC0-301F-11D3-BF4B-00C04F79EFBC}") = "WeatherApp", "WeatherApp.csproj", "{EF685EAA-7B16-4891-9750-1158717FE577}"
EndProject
Project("{FAE04EC0-301F-11D3-BF4B-00C04F79EFBC}") = "WeatherApp.UnitTests", "WeatherApp.UnitTests\WeatherApp.UnitTests.csproj", "{4A1ECEE9-6FE2-44C3-BABA-7C622351607E}"
EndProject
Global
	GlobalSection(SolutionConfigurationPlatforms) = preSolution
		Debug|Any CPU = Debug|Any CPU
		Release|Any CPU = Release|Any CPU
	EndGlobalSection
	GlobalSection(ProjectConfigurationPlatforms) = postSolution
		{EF685EAA-7B16-4891-9750-1158717FE577}.Debug|Any CPU.ActiveCfg = Debug|Any CPU
		{EF685EAA-7B16-4891-9750-1158717FE577}.Debug|Any CPU.Build.0 = Debug|Any CPU
		{EF685EAA-7B16-4891-9750-1158717FE577}.Release|Any CPU.ActiveCfg = Release|Any CPU
		{EF685EAA-7B16-4891-9750-1158717FE577}.Release|Any CPU.Build.0 = Release|Any CPU
		{4A1ECEE9-6FE2-44C3-BABA-7C622351607E}.Debug|Any CPU.ActiveCfg = Debug|Any CPU
		{4A1ECEE9-6FE2-44C3-BABA-7C622351607E}.Debug|Any CPU.Build.0 = Debug|Any CPU
		{4A1ECEE9-6FE2-44C3-BABA-7C622351607E}.Release|Any CPU.ActiveCfg = Release|Any CPU
		{4A1ECEE9-6FE2-44C3-BABA-7C622351607E}.Release|Any CPU.Build.0 = Release|Any CPU
	EndGlobalSection
	GlobalSection(NestedProjects) = preSolution
	EndGlobalSection
EndGlobal
